
Microsoft Visual Studio Solution File, Format Version 12.00
# Visual Studio Version 17
VisualStudioVersion = 17.5.002.0
MinimumVisualStudioVersion = 10.0.40219.1
Project("{9A19103F-16F7-4668-BE54-9A1E7A4F7556}") = "Worker", "worker\Worker.csproj", "{B91F49C5-14DF-44B3-AAF2-807C84E878A1}"
EndProject
Global
	GlobalSection(SolutionConfigurationPlatforms) = preSolution
		Debug|Any CPU = Debug|Any CPU
		Release|Any CPU = Release|Any CPU
	EndGlobalSection
	GlobalSection(ProjectConfigurationPlatforms) = postSolution
		{B91F49C5-14DF-44B3-AAF2-807C84E878A1}.Debug|Any CPU.ActiveCfg = Debug|Any CPU
		{B91F49C5-14DF-44B3-AAF2-807C84E878A1}.Debug|Any CPU.Build.0 = Debug|Any CPU
		{B91F49C5-14DF-44B3-AAF2-807C84E878A1}.Release|Any CPU.ActiveCfg = Release|Any CPU
		{B91F49C5-14DF-44B3-AAF2-807C84E878A1}.Release|Any CPU.Build.0 = Release|Any CPU
	EndGlobalSection
	GlobalSection(SolutionProperties) = preSolution
		HideSolutionNode = FALSE
	EndGlobalSection
	GlobalSection(ExtensibilityGlobals) = postSolution
		SolutionGuid = {521ED47B-4C86-4A09-9EBB-4EAC5B4700D2}
	EndGlobalSection
EndGlobal
